<Solution>
  <Project Path="RealEstate.Api/RealEstate.Api.csproj" />
  <Project Path="RealEstate.Application/RealEstate.Application.csproj" />
  <Project Path="RealEstate.Domain/RealEstate.Domain.csproj" />
  <Project Path="RealEstate.Frontend/RealEstate.Frontend.csproj" />
  <Project Path="RealEstate.Infrastructure/RealEstate.Infrastructure.csproj" />
  <Project Path="RealEstate.UnitTests/RealEstate.UnitTests.csproj" />
</Solution>
